
Microsoft Visual Studio Solution File, Format Version 12.00
# Visual Studio Version 16
VisualStudioVersion = 16.0.30711.63
MinimumVisualStudioVersion = 10.0.40219.1
Project("{FAE04EC0-301F-11D3-BF4B-00C04F79EFBC}") = "TestBinaryreading", "TestBinaryreading.csproj", "{83120DFD-6CE0-430C-968A-B2F83785E8F0}"
EndProject
Global
	GlobalSection(SolutionConfigurationPlatforms) = preSolution
		Debug|Any CPU = Debug|Any CPU
		Release|Any CPU = Release|Any CPU
	EndGlobalSection
	GlobalSection(ProjectConfigurationPlatforms) = postSolution
		{83120DFD-6CE0-430C-968A-B2F83785E8F0}.Debug|Any CPU.ActiveCfg = Debug|Any CPU
		{83120DFD-6CE0-430C-968A-B2F83785E8F0}.Debug|Any CPU.Build.0 = Debug|Any CPU
		{83120DFD-6CE0-430C-968A-B2F83785E8F0}.Release|Any CPU.ActiveCfg = Release|Any CPU
		{83120DFD-6CE0-430C-968A-B2F83785E8F0}.Release|Any CPU.Build.0 = Release|Any CPU
	EndGlobalSection
	GlobalSection(SolutionProperties) = preSolution
		HideSolutionNode = FALSE
	EndGlobalSection
	GlobalSection(ExtensibilityGlobals) = postSolution
		SolutionGuid = {48E6A81D-80A5-4520-99DA-12B8F06BC3B9}
	EndGlobalSection
EndGlobal
